
Microsoft Visual Studio Solution File, Format Version 12.00
# Visual Studio Version 17
VisualStudioVersion = 17.7.34018.315
MinimumVisualStudioVersion = 10.0.40219.1
Project("{FAE04EC0-301F-11D3-BF4B-00C04F79EFBC}") = "UPC.Fundamentos.Console", "UPC.Fundamentos.Console\UPC.Fundamentos.Console.csproj", "{A38798A8-F3C4-4C0D-B0F5-1808538610FB}"
EndProject
Project("{FAE04EC0-301F-11D3-BF4B-00C04F79EFBC}") = "UPC.Semana4.Caja", "UPC.Semana4.Caja\UPC.Semana4.Caja.csproj", "{4A4037C4-F031-4227-9AC6-1A6F1AE16253}"
EndProject
Global
	GlobalSection(SolutionConfigurationPlatforms) = preSolution
		Debug|Any CPU = Debug|Any CPU
		Release|Any CPU = Release|Any CPU
	EndGlobalSection
	GlobalSection(ProjectConfigurationPlatforms) = postSolution
		{A38798A8-F3C4-4C0D-B0F5-1808538610FB}.Debug|Any CPU.ActiveCfg = Debug|Any CPU
		{A38798A8-F3C4-4C0D-B0F5-1808538610FB}.Debug|Any CPU.Build.0 = Debug|Any CPU
		{A38798A8-F3C4-4C0D-B0F5-1808538610FB}.Release|Any CPU.ActiveCfg = Release|Any CPU
		{A38798A8-F3C4-4C0D-B0F5-1808538610FB}.Release|Any CPU.Build.0 = Release|Any CPU
		{4A4037C4-F031-4227-9AC6-1A6F1AE16253}.Debug|Any CPU.ActiveCfg = Debug|Any CPU
		{4A4037C4-F031-4227-9AC6-1A6F1AE16253}.Debug|Any CPU.Build.0 = Debug|Any CPU
		{4A4037C4-F031-4227-9AC6-1A6F1AE16253}.Release|Any CPU.ActiveCfg = Release|Any CPU
		{4A4037C4-F031-4227-9AC6-1A6F1AE16253}.Release|Any CPU.Build.0 = Release|Any CPU
	EndGlobalSection
	GlobalSection(SolutionProperties) = preSolution
		HideSolutionNode = FALSE
	EndGlobalSection
	GlobalSection(ExtensibilityGlobals) = postSolution
		SolutionGuid = {723D235B-BE24-4D7A-9A14-61577B903815}
	EndGlobalSection
EndGlobal
